
Microsoft Visual Studio Solution File, Format Version 12.00
# Visual Studio Version 17
VisualStudioVersion = 17.7.34221.43
MinimumVisualStudioVersion = 10.0.40219.1
Project("{FAE04EC0-301F-11D3-BF4B-00C04F79EFBC}") = "Demo-exam", "Demo-exam\Demo-exam.csproj", "{C51E6E47-0AE6-41B9-8C15-49E38623258D}"
EndProject
Global
	GlobalSection(SolutionConfigurationPlatforms) = preSolution
		Debug|Any CPU = Debug|Any CPU
		Release|Any CPU = Release|Any CPU
	EndGlobalSection
	GlobalSection(ProjectConfigurationPlatforms) = postSolution
		{C51E6E47-0AE6-41B9-8C15-49E38623258D}.Debug|Any CPU.ActiveCfg = Debug|Any CPU
		{C51E6E47-0AE6-41B9-8C15-49E38623258D}.Debug|Any CPU.Build.0 = Debug|Any CPU
		{C51E6E47-0AE6-41B9-8C15-49E38623258D}.Release|Any CPU.ActiveCfg = Release|Any CPU
		{C51E6E47-0AE6-41B9-8C15-49E38623258D}.Release|Any CPU.Build.0 = Release|Any CPU
	EndGlobalSection
	GlobalSection(SolutionProperties) = preSolution
		HideSolutionNode = FALSE
	EndGlobalSection
	GlobalSection(ExtensibilityGlobals) = postSolution
		SolutionGuid = {6928C84F-76A0-429B-AF44-1634721B4063}
	EndGlobalSection
EndGlobal
